FORGE
  remote: http://forge.puppetlabs.com
  specs:
    darin/zypprepo (1.0.1)
    puppetlabs/apt (1.4.0)
      puppetlabs/stdlib (>= 2.2.1)
    puppetlabs/java (1.0.1)
      puppetlabs/stdlib (>= 0.1.6)
    puppetlabs/stdlib (4.1.0)

GIT
  remote: git://github.com/camptocamp/puppet-archive.git
  ref: master
  sha: 3d37b476685c94a45d771466b473a220b8b9d3b4
  specs:
    archive (0.0.1)

GIT
  remote: git://github.com/jenkinsci/puppet-jenkins.git
  ref: master
  sha: 8b3f026e731406f7488d36bf7ae9307cdf11a53f
  specs:
    jenkins (0.3.0)
      darin/zypprepo (>= 1.0.1)
      puppetlabs/apt (>= 0.0.3)
      puppetlabs/java (>= 1.0.1)
      puppetlabs/stdlib (>= 2.0.0)

GIT
  remote: git://github.com/mstrauss/puppet-editfile.git
  ref: master
  sha: 884efdc0997af667f24625e696630e6b1db5a952
  specs:
    editfile (0.0.1)

GIT
  remote: git://github.com/narkisr/puppet-build.git
  ref: master
  sha: 17fa55633007f879dfe9c6c6796a9d9654cf101a
  specs:
    build (0.1.0)

GIT
  remote: git://github.com/narkisr/puppet-jdk.git
  ref: master
  sha: e97207a098264a871badd2102586cb52025c2ec4
  specs:
    jdk (0.0.1)
      puppetlabs/apt (>= 0.0.3)
      puppetlabs/stdlib (>= 2.0.0)

DEPENDENCIES
  archive (>= 0)
  build (>= 0)
  editfile (>= 0)
  jdk (>= 0)
  jenkins (>= 0)
  puppetlabs/apt (>= 0)
  puppetlabs/stdlib (>= 0)

