FORGE
  remote: https://forgeapi.puppetlabs.com
  specs:
    darin-zypprepo (1.0.2)
    puppetlabs-apt (1.4.0)
      puppetlabs-stdlib (>= 2.2.1)
    puppetlabs-java (1.3.0)
      puppetlabs-stdlib (>= 2.4.0)
    puppetlabs-stdlib (4.1.0)

GIT
  remote: git://github.com/camptocamp/puppet-archive.git
  ref: master
  sha: 3d37b476685c94a45d771466b473a220b8b9d3b4
  specs:
    camptocamp-archive (0.0.1)

GIT
  remote: git://github.com/jenkinsci/puppet-jenkins.git
  ref: master
  sha: 8b3f026e731406f7488d36bf7ae9307cdf11a53f
  specs:
    jenkinsci-jenkins (0.3.0)
      darin-zypprepo (>= 1.0.1)
      puppetlabs-apt (>= 0.0.3)
      puppetlabs-java (>= 1.0.1)
      puppetlabs-stdlib (>= 2.0.0)

GIT
  remote: git://github.com/mstrauss/puppet-editfile.git
  ref: master
  sha: 884efdc0997af667f24625e696630e6b1db5a952
  specs:
    editfile (0.0.1)

GIT
  remote: git://github.com/pulling-strings/puppet-build.git
  ref: master
  sha: 852fd55dc33c377fbd5f568d0dff4885a33fb2b7
  specs:
    strings-build (0.1.0)

GIT
  remote: git://github.com/pulling-strings/puppet-jdk.git
  ref: master
  sha: a9a2e8bcfdee2e17e8a2d1b7952084c1c4b37646
  specs:
    strings-jdk (0.0.1)
      puppetlabs-apt (>= 0.0.3)
      puppetlabs-stdlib (>= 2.0.0)

DEPENDENCIES
  camptocamp-archive (>= 0)
  editfile (>= 0)
  jenkinsci-jenkins (>= 0)
  puppetlabs-apt (>= 0)
  puppetlabs-stdlib (>= 0)
  strings-build (>= 0)
  strings-jdk (>= 0)

