FORGE
  remote: http://forge.puppetlabs.com
  specs:
    puppetlabs/apt (1.1.0)
      puppetlabs/stdlib (>= 2.2.1)
    puppetlabs/stdlib (3.2.0)
    rtyler/jenkins (0.2.3)
      puppetlabs/apt (>= 0.0.1)
      puppetlabs/stdlib (>= 2.0.0)

GIT
  remote: git://github.com/camptocamp/puppet-archive.git
  ref: master
  sha: 8c0cb72ba392953fd2002b3d164377466cd2705f
  specs:
    archive (0.0.1)

GIT
  remote: git://github.com/mstrauss/puppet-editfile.git
  ref: master
  sha: 884efdc0997af667f24625e696630e6b1db5a952
  specs:
    editfile (0.0.1)

GIT
  remote: git://github.com/narkisr/puppet-build.git
  ref: master
  sha: 922b9ae77c0f59c99af466209e2dfe1b710075ae
  specs:
    build (0.0.1)

GIT
  remote: git://github.com/narkisr/puppet-jdk.git
  ref: master
  sha: 0a9aadd8aa3fec297088c9ebb592d6da61850833
  specs:
    jdk (0.0.1)
      puppetlabs/apt (>= 0.0.3)
      puppetlabs/stdlib (>= 2.0.0)

DEPENDENCIES
  archive (>= 0)
  build (>= 0)
  editfile (>= 0)
  jdk (>= 0)
  puppetlabs/apt (>= 0)
  puppetlabs/stdlib (>= 0)
  rtyler/jenkins (>= 0)

